
Microsoft Visual Studio Solution File, Format Version 12.00
# Visual Studio 15
VisualStudioVersion = 15.0.28010.2050
MinimumVisualStudioVersion = 10.0.40219.1
Project("{F184B08F-C81C-45F6-A57F-5ABD9991F28F}") = "CuadraturaDeGauss", "CuadraturaDeGauss\CuadraturaDeGauss.vbproj", "{D328CAB3-7061-439C-A8B8-4C6B3D3C4340}"
EndProject
Global
	GlobalSection(SolutionConfigurationPlatforms) = preSolution
		Debug|Any CPU = Debug|Any CPU
		Release|Any CPU = Release|Any CPU
	EndGlobalSection
	GlobalSection(ProjectConfigurationPlatforms) = postSolution
		{D328CAB3-7061-439C-A8B8-4C6B3D3C4340}.Debug|Any CPU.ActiveCfg = Debug|Any CPU
		{D328CAB3-7061-439C-A8B8-4C6B3D3C4340}.Debug|Any CPU.Build.0 = Debug|Any CPU
		{D328CAB3-7061-439C-A8B8-4C6B3D3C4340}.Release|Any CPU.ActiveCfg = Release|Any CPU
		{D328CAB3-7061-439C-A8B8-4C6B3D3C4340}.Release|Any CPU.Build.0 = Release|Any CPU
	EndGlobalSection
	GlobalSection(SolutionProperties) = preSolution
		HideSolutionNode = FALSE
	EndGlobalSection
	GlobalSection(ExtensibilityGlobals) = postSolution
		SolutionGuid = {F189C264-409D-417B-9A9F-16FC9AA61F06}
	EndGlobalSection
EndGlobal
